// !$*UTF8*$!
{
	archiveVersion = 1;
	classes = {
	};
	objectVersion = 46;
	objects = {

/* Begin PBXBuildFile section */
		1BED4F361B58FA39001FA431 /* AppDelegate.swift in Sources */ = {isa = PBXBuildFile; fileRef = 1BED4F351B58FA39001FA431 /* AppDelegate.swift */; };
		1BED4F3D1B58FA39001FA431 /* Images.xcassets in Resources */ = {isa = PBXBuildFile; fileRef = 1BED4F3C1B58FA39001FA431 /* Images.xcassets */; };
		1BED4F401B58FA39001FA431 /* LaunchScreen.xib in Resources */ = {isa = PBXBuildFile; fileRef = 1BED4F3E1B58FA39001FA431 /* LaunchScreen.xib */; };
		1BED4F4C1B58FA39001FA431 /* RealtimeFaceDetectionTests.swift in Sources */ = {isa = PBXBuildFile; fileRef = 1BED4F4B1B58FA39001FA431 /* RealtimeFaceDetectionTests.swift */; };
		1BED4F561B58FB09001FA431 /* ViewController.swift in Sources */ = {isa = PBXBuildFile; fileRef = 1BED4F551B58FB09001FA431 /* ViewController.swift */; };
		1BED4F581B58FB1D001FA431 /* haarcascade_frontalface_alt.xml in Resources */ = {isa = PBXBuildFile; fileRef = 1BED4F571B58FB1D001FA431 /* haarcascade_frontalface_alt.xml */; };
		1BED4F5F1B58FB65001FA431 /* FaceDetectWrapper.mm in Sources */ = {isa = PBXBuildFile; fileRef = 1BED4F5D1B58FB65001FA431 /* FaceDetectWrapper.mm */; };
		1BED4F611B58FB71001FA431 /* sample.png in Resources */ = {isa = PBXBuildFile; fileRef = 1BED4F601B58FB71001FA431 /* sample.png */; };
		1BED4F631B58FB99001FA431 /* Main.storyboard in Resources */ = {isa = PBXBuildFile; fileRef = 1BED4F621B58FB99001FA431 /* Main.storyboard */; };
		9B0845066AC45840CFC74FAB /* libPods-RealtimeFaceDetection.a in Frameworks */ = {isa = PBXBuildFile; fileRef = 2A7CF5410CAF2546179D7580 /* libPods-RealtimeFaceDetection.a */; };
/* End PBXBuildFile section */

/* Begin PBXContainerItemProxy section */
		1BED4F461B58FA39001FA431 /* PBXContainerItemProxy */ = {
			isa = PBXContainerItemProxy;
			containerPortal = 1BED4F281B58FA39001FA431 /* Project object */;
			proxyType = 1;
			remoteGlobalIDString = 1BED4F2F1B58FA39001FA431;
			remoteInfo = RealtimeFaceDetection;
		};
/* End PBXContainerItemProxy section */

/* Begin PBXFileReference section */
		1BED4F301B58FA39001FA431 /* RealtimeFaceDetection.app */ = {isa = PBXFileReference; explicitFileType = wrapper.application; includeInIndex = 0; path = RealtimeFaceDetection.app; sourceTree = BUILT_PRODUCTS_DIR; };
		1BED4F341B58FA39001FA431 /* Info.plist */ = {isa = PBXFileReference; lastKnownFileType = text.plist.xml; path = Info.plist; sourceTree = "<group>"; };
		1BED4F351B58FA39001FA431 /* AppDelegate.swift */ = {isa = PBXFileReference; lastKnownFileType = sourcecode.swift; path = AppDelegate.swift; sourceTree = "<group>"; };
		1BED4F3C1B58FA39001FA431 /* Images.xcassets */ = {isa = PBXFileReference; lastKnownFileType = folder.assetcatalog; path = Images.xcassets; sourceTree = "<group>"; };
		1BED4F3F1B58FA39001FA431 /* Base */ = {isa = PBXFileReference; lastKnownFileType = file.xib; name = Base; path = Base.lproj/LaunchScreen.xib; sourceTree = "<group>"; };
		1BED4F451B58FA39001FA431 /* RealtimeFaceDetectionTests.xctest */ = {isa = PBXFileReference; explicitFileType = wrapper.cfbundle; includeInIndex = 0; path = RealtimeFaceDetectionTests.xctest; sourceTree = BUILT_PRODUCTS_DIR; };
		1BED4F4A1B58FA39001FA431 /* Info.plist */ = {isa = PBXFileReference; lastKnownFileType = text.plist.xml; path = Info.plist; sourceTree = "<group>"; };
		1BED4F4B1B58FA39001FA431 /* RealtimeFaceDetectionTests.swift */ = {isa = PBXFileReference; lastKnownFileType = sourcecode.swift; path = RealtimeFaceDetectionTests.swift; sourceTree = "<group>"; };
		1BED4F551B58FB09001FA431 /* ViewController.swift */ = {isa = PBXFileReference; fileEncoding = 4; lastKnownFileType = sourcecode.swift; path = ViewController.swift; sourceTree = "<group>"; };
		1BED4F571B58FB1D001FA431 /* haarcascade_frontalface_alt.xml */ = {isa = PBXFileReference; fileEncoding = 4; lastKnownFileType = text.xml; path = haarcascade_frontalface_alt.xml; sourceTree = "<group>"; };
		1BED4F5D1B58FB65001FA431 /* FaceDetectWrapper.mm */ = {isa = PBXFileReference; fileEncoding = 4; lastKnownFileType = sourcecode.cpp.objcpp; path = FaceDetectWrapper.mm; sourceTree = "<group>"; };
		1BED4F5E1B58FB65001FA431 /* FaceDetectWrapper.h */ = {isa = PBXFileReference; fileEncoding = 4; lastKnownFileType = sourcecode.c.h; path = FaceDetectWrapper.h; sourceTree = "<group>"; };
		1BED4F601B58FB71001FA431 /* sample.png */ = {isa = PBXFileReference; lastKnownFileType = image.png; path = sample.png; sourceTree = "<group>"; };
		1BED4F621B58FB99001FA431 /* Main.storyboard */ = {isa = PBXFileReference; fileEncoding = 4; lastKnownFileType = file.storyboard; path = Main.storyboard; sourceTree = "<group>"; };
		1BED4F641B58FBB7001FA431 /* RealtimeFaceDetection-Bridging-Header.h */ = {isa = PBXFileReference; fileEncoding = 4; lastKnownFileType = sourcecode.c.h; path = "RealtimeFaceDetection-Bridging-Header.h"; sourceTree = "<group>"; };
		2A7CF5410CAF2546179D7580 /* libPods-RealtimeFaceDetection.a */ = {isa = PBXFileReference; explicitFileType = archive.ar; includeInIndex = 0; path = "libPods-RealtimeFaceDetection.a"; sourceTree = BUILT_PRODUCTS_DIR; };
		33E64E017DB891B8E2D47CA5 /* Pods-RealtimeFaceDetection.release.xcconfig */ = {isa = PBXFileReference; includeInIndex = 1; lastKnownFileType = text.xcconfig; name = "Pods-RealtimeFaceDetection.release.xcconfig"; path = "Pods/Target Support Files/Pods-RealtimeFaceDetection/Pods-RealtimeFaceDetection.release.xcconfig"; sourceTree = "<group>"; };
		5537007BF5EE28C5697912FC /* Pods-RealtimeFaceDetection.debug.xcconfig */ = {isa = PBXFileReference; includeInIndex = 1; lastKnownFileType = text.xcconfig; name = "Pods-RealtimeFaceDetection.debug.xcconfig"; path = "Pods/Target Support Files/Pods-RealtimeFaceDetection/Pods-RealtimeFaceDetection.debug.xcconfig"; sourceTree = "<group>"; };
/* End PBXFileReference section */

/* Begin PBXFrameworksBuildPhase section */
		1BED4F2D1B58FA39001FA431 /* Frameworks */ = {
			isa = PBXFrameworksBuildPhase;
			buildActionMask = 2147483647;
			files = (
				9B0845066AC45840CFC74FAB /* libPods-RealtimeFaceDetection.a in Frameworks */,
			);
			runOnlyForDeploymentPostprocessing = 0;
		};
		1BED4F421B58FA39001FA431 /* Frameworks */ = {
			isa = PBXFrameworksBuildPhase;
			buildActionMask = 2147483647;
			files = (
			);
			runOnlyForDeploymentPostprocessing = 0;
		};
/* End PBXFrameworksBuildPhase section */

/* Begin PBXGroup section */
		1BED4F271B58FA39001FA431 = {
			isa = PBXGroup;
			children = (
				1BED4F321B58FA39001FA431 /* RealtimeFaceDetection */,
				1BED4F481B58FA39001FA431 /* RealtimeFaceDetectionTests */,
				1BED4F311B58FA39001FA431 /* Products */,
				8BD647F3B9BE520AB8C2D0F1 /* Pods */,
				931CDAB51F402E99C1E70181 /* Frameworks */,
			);
			sourceTree = "<group>";
		};
		1BED4F311B58FA39001FA431 /* Products */ = {
			isa = PBXGroup;
			children = (
				1BED4F301B58FA39001FA431 /* RealtimeFaceDetection.app */,
				1BED4F451B58FA39001FA431 /* RealtimeFaceDetectionTests.xctest */,
			);
			name = Products;
			sourceTree = "<group>";
		};
		1BED4F321B58FA39001FA431 /* RealtimeFaceDetection */ = {
			isa = PBXGroup;
			children = (
				1BED4F351B58FA39001FA431 /* AppDelegate.swift */,
				1BED4F551B58FB09001FA431 /* ViewController.swift */,
				1BED4F571B58FB1D001FA431 /* haarcascade_frontalface_alt.xml */,
				1BED4F3C1B58FA39001FA431 /* Images.xcassets */,
				1BED4F601B58FB71001FA431 /* sample.png */,
				1BED4F5D1B58FB65001FA431 /* FaceDetectWrapper.mm */,
				1BED4F5E1B58FB65001FA431 /* FaceDetectWrapper.h */,
				1BED4F621B58FB99001FA431 /* Main.storyboard */,
				1BED4F3E1B58FA39001FA431 /* LaunchScreen.xib */,
				1BED4F641B58FBB7001FA431 /* RealtimeFaceDetection-Bridging-Header.h */,
				1BED4F331B58FA39001FA431 /* Supporting Files */,
			);
			path = RealtimeFaceDetection;
			sourceTree = "<group>";
		};
		1BED4F331B58FA39001FA431 /* Supporting Files */ = {
			isa = PBXGroup;
			children = (
				1BED4F341B58FA39001FA431 /* Info.plist */,
			);
			name = "Supporting Files";
			sourceTree = "<group>";
		};
		1BED4F481B58FA39001FA431 /* RealtimeFaceDetectionTests */ = {
			isa = PBXGroup;
			children = (
				1BED4F4B1B58FA39001FA431 /* RealtimeFaceDetectionTests.swift */,
				1BED4F491B58FA39001FA431 /* Supporting Files */,
			);
			path = RealtimeFaceDetectionTests;
			sourceTree = "<group>";
		};
		1BED4F491B58FA39001FA431 /* Supporting Files */ = {
			isa = PBXGroup;
			children = (
				1BED4F4A1B58FA39001FA431 /* Info.plist */,
			);
			name = "Supporting Files";
			sourceTree = "<group>";
		};
		8BD647F3B9BE520AB8C2D0F1 /* Pods */ = {
			isa = PBXGroup;
			children = (
				5537007BF5EE28C5697912FC /* Pods-RealtimeFaceDetection.debug.xcconfig */,
				33E64E017DB891B8E2D47CA5 /* Pods-RealtimeFaceDetection.release.xcconfig */,
			);
			name = Pods;
			sourceTree = "<group>";
		};
		931CDAB51F402E99C1E70181 /* Frameworks */ = {
			isa = PBXGroup;
			children = (
				2A7CF5410CAF2546179D7580 /* libPods-RealtimeFaceDetection.a */,
			);
			name = Frameworks;
			sourceTree = "<group>";
		};
/* End PBXGroup section */

/* Begin PBXNativeTarget section */
		1BED4F2F1B58FA39001FA431 /* RealtimeFaceDetection */ = {
			isa = PBXNativeTarget;
			buildConfigurationList = 1BED4F4F1B58FA39001FA431 /* Build configuration list for PBXNativeTarget "RealtimeFaceDetection" */;
			buildPhases = (
				F6FB79B759B37424D70F564D /* Check Pods Manifest.lock */,
				1BED4F2C1B58FA39001FA431 /* Sources */,
				1BED4F2D1B58FA39001FA431 /* Frameworks */,
				1BED4F2E1B58FA39001FA431 /* Resources */,
				47E2332CD73E149C51E9BA95 /* Copy Pods Resources */,
			);
			buildRules = (
			);
			dependencies = (
			);
			name = RealtimeFaceDetection;
			productName = RealtimeFaceDetection;
			productReference = 1BED4F301B58FA39001FA431 /* RealtimeFaceDetection.app */;
			productType = "com.apple.product-type.application";
		};
		1BED4F441B58FA39001FA431 /* RealtimeFaceDetectionTests */ = {
			isa = PBXNativeTarget;
			buildConfigurationList = 1BED4F521B58FA39001FA431 /* Build configuration list for PBXNativeTarget "RealtimeFaceDetectionTests" */;
			buildPhases = (
				1BED4F411B58FA39001FA431 /* Sources */,
				1BED4F421B58FA39001FA431 /* Frameworks */,
				1BED4F431B58FA39001FA431 /* Resources */,
			);
			buildRules = (
			);
			dependencies = (
				1BED4F471B58FA39001FA431 /* PBXTargetDependency */,
			);
			name = RealtimeFaceDetectionTests;
			productName = RealtimeFaceDetectionTests;
			productReference = 1BED4F451B58FA39001FA431 /* RealtimeFaceDetectionTests.xctest */;
			productType = "com.apple.product-type.bundle.unit-test";
		};
/* End PBXNativeTarget section */

/* Begin PBXProject section */
		1BED4F281B58FA39001FA431 /* Project object */ = {
			isa = PBXProject;
			attributes = {
				LastUpgradeCheck = 0640;
				TargetAttributes = {
					1BED4F2F1B58FA39001FA431 = {
						CreatedOnToolsVersion = 6.4;
					};
					1BED4F441B58FA39001FA431 = {
						CreatedOnToolsVersion = 6.4;
						TestTargetID = 1BED4F2F1B58FA39001FA431;
					};
				};
			};
			buildConfigurationList = 1BED4F2B1B58FA39001FA431 /* Build configuration list for PBXProject "RealtimeFaceDetection" */;
			compatibilityVersion = "Xcode 3.2";
			developmentRegion = English;
			hasScannedForEncodings = 0;
			knownRegions = (
				en,
				Base,
			);
			mainGroup = 1BED4F271B58FA39001FA431;
			productRefGroup = 1BED4F311B58FA39001FA431 /* Products */;
			projectDirPath = "";
			projectRoot = "";
			targets = (
				1BED4F2F1B58FA39001FA431 /* RealtimeFaceDetection */,
				1BED4F441B58FA39001FA431 /* RealtimeFaceDetectionTests */,
			);
		};
/* End PBXProject section */

/* Begin PBXResourcesBuildPhase section */
		1BED4F2E1B58FA39001FA431 /* Resources */ = {
			isa = PBXResourcesBuildPhase;
			buildActionMask = 2147483647;
			files = (
				1BED4F401B58FA39001FA431 /* LaunchScreen.xib in Resources */,
				1BED4F631B58FB99001FA431 /* Main.storyboard in Resources */,
				1BED4F581B58FB1D001FA431 /* haarcascade_frontalface_alt.xml in Resources */,
				1BED4F3D1B58FA39001FA431 /* Images.xcassets in Resources */,
				1BED4F611B58FB71001FA431 /* sample.png in Resources */,
			);
			runOnlyForDeploymentPostprocessing = 0;
		};
		1BED4F431B58FA39001FA431 /* Resources */ = {
			isa = PBXResourcesBuildPhase;
			buildActionMask = 2147483647;
			files = (
			);
			runOnlyForDeploymentPostprocessing = 0;
		};
/* End PBXResourcesBuildPhase section */

/* Begin PBXShellScriptBuildPhase section */
		47E2332CD73E149C51E9BA95 /* Copy Pods Resources */ = {
			isa = PBXShellScriptBuildPhase;
			buildActionMask = 2147483647;
			files = (
			);
			inputPaths = (
			);
			name = "Copy Pods Resources";
			outputPaths = (
			);
			runOnlyForDeploymentPostprocessing = 0;
			shellPath = /bin/sh;
			shellScript = "\"${SRCROOT}/Pods/Target Support Files/Pods-RealtimeFaceDetection/Pods-RealtimeFaceDetection-resources.sh\"\n";
			showEnvVarsInLog = 0;
		};
		F6FB79B759B37424D70F564D /* Check Pods Manifest.lock */ = {
			isa = PBXShellScriptBuildPhase;
			buildActionMask = 2147483647;
			files = (
			);
			inputPaths = (
			);
			name = "Check Pods Manifest.lock";
			outputPaths = (
			);
			runOnlyForDeploymentPostprocessing = 0;
			shellPath = /bin/sh;
			shellScript = "diff \"${PODS_ROOT}/../Podfile.lock\" \"${PODS_ROOT}/Manifest.lock\" > /dev/null\nif [[ $? != 0 ]] ; then\n    cat << EOM\nerror: The sandbox is not in sync with the Podfile.lock. Run 'pod install' or update your CocoaPods installation.\nEOM\n    exit 1\nfi\n";
			showEnvVarsInLog = 0;
		};
/* End PBXShellScriptBuildPhase section */

/* Begin PBXSourcesBuildPhase section */
		1BED4F2C1B58FA39001FA431 /* Sources */ = {
			isa = PBXSourcesBuildPhase;
			buildActionMask = 2147483647;
			files = (
				1BED4F561B58FB09001FA431 /* ViewController.swift in Sources */,
				1BED4F361B58FA39001FA431 /* AppDelegate.swift in Sources */,
				1BED4F5F1B58FB65001FA431 /* FaceDetectWrapper.mm in Sources */,
			);
			runOnlyForDeploymentPostprocessing = 0;
		};
		1BED4F411B58FA39001FA431 /* Sources */ = {
			isa = PBXSourcesBuildPhase;
			buildActionMask = 2147483647;
			files = (
				1BED4F4C1B58FA39001FA431 /* RealtimeFaceDetectionTests.swift in Sources */,
			);
			runOnlyForDeploymentPostprocessing = 0;
		};
/* End PBXSourcesBuildPhase section */

/* Begin PBXTargetDependency section */
		1BED4F471B58FA39001FA431 /* PBXTargetDependency */ = {
			isa = PBXTargetDependency;
			target = 1BED4F2F1B58FA39001FA431 /* RealtimeFaceDetection */;
			targetProxy = 1BED4F461B58FA39001FA431 /* PBXContainerItemProxy */;
		};
/* End PBXTargetDependency section */

/* Begin PBXVariantGroup section */
		1BED4F3E1B58FA39001FA431 /* LaunchScreen.xib */ = {
			isa = PBXVariantGroup;
			children = (
				1BED4F3F1B58FA39001FA431 /* Base */,
			);
			name = LaunchScreen.xib;
			sourceTree = "<group>";
		};
/* End PBXVariantGroup section */

/* Begin XCBuildConfiguration section */
		1BED4F4D1B58FA39001FA431 /* Debug */ = {
			isa = XCBuildConfiguration;
			buildSettings = {
				ALWAYS_SEARCH_USER_PATHS = NO;
				CLANG_CXX_LANGUAGE_STANDARD = "gnu++0x";
				CLANG_CXX_LIBRARY = "libc++";
				CLANG_ENABLE_MODULES = YES;
				CLANG_ENABLE_OBJC_ARC = YES;
				CLANG_WARN_BOOL_CONVERSION = YES;
				CLANG_WARN_CONSTANT_CONVERSION = YES;
				CLANG_WARN_DIRECT_OBJC_ISA_USAGE = YES_ERROR;
				CLANG_WARN_EMPTY_BODY = YES;
				CLANG_WARN_ENUM_CONVERSION = YES;
				CLANG_WARN_INT_CONVERSION = YES;
				CLANG_WARN_OBJC_ROOT_CLASS = YES_ERROR;
				CLANG_WARN_UNREACHABLE_CODE = YES;
				CLANG_WARN__DUPLICATE_METHOD_MATCH = YES;
				"CODE_SIGN_IDENTITY[sdk=iphoneos*]" = "iPhone Developer";
				COPY_PHASE_STRIP = NO;
				DEBUG_INFORMATION_FORMAT = "dwarf-with-dsym";
				ENABLE_STRICT_OBJC_MSGSEND = YES;
				GCC_C_LANGUAGE_STANDARD = gnu99;
				GCC_DYNAMIC_NO_PIC = NO;
				GCC_NO_COMMON_BLOCKS = YES;
				GCC_OPTIMIZATION_LEVEL = 0;
				GCC_PREPROCESSOR_DEFINITIONS = (
					"DEBUG=1",
					"$(inherited)",
				);
				GCC_SYMBOLS_PRIVATE_EXTERN = NO;
				GCC_WARN_64_TO_32_BIT_CONVERSION = YES;
				GCC_WARN_ABOUT_RETURN_TYPE = YES_ERROR;
				GCC_WARN_UNDECLARED_SELECTOR = YES;
				GCC_WARN_UNINITIALIZED_AUTOS = YES_AGGRESSIVE;
				GCC_WARN_UNUSED_FUNCTION = YES;
				GCC_WARN_UNUSED_VARIABLE = YES;
				IPHONEOS_DEPLOYMENT_TARGET = 8.4;
				MTL_ENABLE_DEBUG_INFO = YES;
				ONLY_ACTIVE_ARCH = YES;
				SDKROOT = iphoneos;
				SWIFT_OPTIMIZATION_LEVEL = "-Onone";
			};
			name = Debug;
		};
		1BED4F4E1B58FA39001FA431 /* Release */ = {
			isa = XCBuildConfiguration;
			buildSettings = {
				ALWAYS_SEARCH_USER_PATHS = NO;
				CLANG_CXX_LANGUAGE_STANDARD = "gnu++0x";
				CLANG_CXX_LIBRARY = "libc++";
				CLANG_ENABLE_MODULES = YES;
				CLANG_ENABLE_OBJC_ARC = YES;
				CLANG_WARN_BOOL_CONVERSION = YES;
				CLANG_WARN_CONSTANT_CONVERSION = YES;
				CLANG_WARN_DIRECT_OBJC_ISA_USAGE = YES_ERROR;
				CLANG_WARN_EMPTY_BODY = YES;
				CLANG_WARN_ENUM_CONVERSION = YES;
				CLANG_WARN_INT_CONVERSION = YES;
				CLANG_WARN_OBJC_ROOT_CLASS = YES_ERROR;
				CLANG_WARN_UNREACHABLE_CODE = YES;
				CLANG_WARN__DUPLICATE_METHOD_MATCH = YES;
				"CODE_SIGN_IDENTITY[sdk=iphoneos*]" = "iPhone Developer";
				COPY_PHASE_STRIP = NO;
				DEBUG_INFORMATION_FORMAT = "dwarf-with-dsym";
				ENABLE_NS_ASSERTIONS = NO;
				ENABLE_STRICT_OBJC_MSGSEND = YES;
				GCC_C_LANGUAGE_STANDARD = gnu99;
				GCC_NO_COMMON_BLOCKS = YES;
				GCC_WARN_64_TO_32_BIT_CONVERSION = YES;
				GCC_WARN_ABOUT_RETURN_TYPE = YES_ERROR;
				GCC_WARN_UNDECLARED_SELECTOR = YES;
				GCC_WARN_UNINITIALIZED_AUTOS = YES_AGGRESSIVE;
				GCC_WARN_UNUSED_FUNCTION = YES;
				GCC_WARN_UNUSED_VARIABLE = YES;
				IPHONEOS_DEPLOYMENT_TARGET = 8.4;
				MTL_ENABLE_DEBUG_INFO = NO;
				SDKROOT = iphoneos;
				VALIDATE_PRODUCT = YES;
			};
			name = Release;
		};
		1BED4F501B58FA39001FA431 /* Debug */ = {
			isa = XCBuildConfiguration;
			baseConfigurationReference = 5537007BF5EE28C5697912FC /* Pods-RealtimeFaceDetection.debug.xcconfig */;
			buildSettings = {
				ASSETCATALOG_COMPILER_APPICON_NAME = AppIcon;
				CLANG_ENABLE_MODULES = YES;
				INFOPLIST_FILE = RealtimeFaceDetection/Info.plist;
				LD_RUNPATH_SEARCH_PATHS = "$(inherited) @executable_path/Frameworks";
				PRODUCT_NAME = "$(TARGET_NAME)";
				SWIFT_OBJC_BRIDGING_HEADER = "RealtimeFaceDetection/RealtimeFaceDetection-Bridging-Header.h";
				SWIFT_OPTIMIZATION_LEVEL = "-Onone";
			};
			name = Debug;
		};
		1BED4F511B58FA39001FA431 /* Release */ = {
			isa = XCBuildConfiguration;
			baseConfigurationReference = 33E64E017DB891B8E2D47CA5 /* Pods-RealtimeFaceDetection.release.xcconfig */;
			buildSettings = {
				ASSETCATALOG_COMPILER_APPICON_NAME = AppIcon;
				CLANG_ENABLE_MODULES = YES;
				INFOPLIST_FILE = RealtimeFaceDetection/Info.plist;
				LD_RUNPATH_SEARCH_PATHS = "$(inherited) @executable_path/Frameworks";
				PRODUCT_NAME = "$(TARGET_NAME)";
				SWIFT_OBJC_BRIDGING_HEADER = "RealtimeFaceDetection/RealtimeFaceDetection-Bridging-Header.h";
			};
			name = Release;
		};
		1BED4F531B58FA39001FA431 /* Debug */ = {
			isa = XCBuildConfiguration;
			buildSettings = {
				BUNDLE_LOADER = "$(TEST_HOST)";
				FRAMEWORK_SEARCH_PATHS = (
					"$(SDKROOT)/Developer/Library/Frameworks",
					"$(inherited)",
				);
				GCC_PREPROCESSOR_DEFINITIONS = (
					"DEBUG=1",
					"$(inherited)",
				);
				INFOPLIST_FILE = RealtimeFaceDetectionTests/Info.plist;
				LD_RUNPATH_SEARCH_PATHS = "$(inherited) @executable_path/Frameworks @loader_path/Frameworks";
				PRODUCT_NAME = "$(TARGET_NAME)";
				TEST_HOST = "$(BUILT_PRODUCTS_DIR)/RealtimeFaceDetection.app/RealtimeFaceDetection";
			};
			name = Debug;
		};
		1BED4F541B58FA39001FA431 /* Release */ = {
			isa = XCBuildConfiguration;
			buildSettings = {
				BUNDLE_LOADER = "$(TEST_HOST)";
				FRAMEWORK_SEARCH_PATHS = (
					"$(SDKROOT)/Developer/Library/Frameworks",
					"$(inherited)",
				);
				INFOPLIST_FILE = RealtimeFaceDetectionTests/Info.plist;
				LD_RUNPATH_SEARCH_PATHS = "$(inherited) @executable_path/Frameworks @loader_path/Frameworks";
				PRODUCT_NAME = "$(TARGET_NAME)";
				TEST_HOST = "$(BUILT_PRODUCTS_DIR)/RealtimeFaceDetection.app/RealtimeFaceDetection";
			};
			name = Release;
		};
/* End XCBuildConfiguration section */

/* Begin XCConfigurationList section */
		1BED4F2B1B58FA39001FA431 /* Build configuration list for PBXProject "RealtimeFaceDetection" */ = {
			isa = XCConfigurationList;
			buildConfigurations = (
				1BED4F4D1B58FA39001FA431 /* Debug */,
				1BED4F4E1B58FA39001FA431 /* Release */,
			);
			defaultConfigurationIsVisible = 0;
			defaultConfigurationName = Release;
		};
		1BED4F4F1B58FA39001FA431 /* Build configuration list for PBXNativeTarget "RealtimeFaceDetection" */ = {
			isa = XCConfigurationList;
			buildConfigurations = (
				1BED4F501B58FA39001FA431 /* Debug */,
				1BED4F511B58FA39001FA431 /* Release */,
			);
			defaultConfigurationIsVisible = 0;
			defaultConfigurationName = Release;
		};
		1BED4F521B58FA39001FA431 /* Build configuration list for PBXNativeTarget "RealtimeFaceDetectionTests" */ = {
			isa = XCConfigurationList;
			buildConfigurations = (
				1BED4F531B58FA39001FA431 /* Debug */,
				1BED4F541B58FA39001FA431 /* Release */,
			);
			defaultConfigurationIsVisible = 0;
			defaultConfigurationName = Release;
		};
/* End XCConfigurationList section */
	};
	rootObject = 1BED4F281B58FA39001FA431 /* Project object */;
}
